
Microsoft Visual Studio Solution File, Format Version 12.00
# Visual Studio 15
VisualStudioVersion = 15.0.27428.2011
MinimumVisualStudioVersion = 10.0.40219.1
Project("{FAE04EC0-301F-11D3-BF4B-00C04F79EFBC}") = "IoC.Autofac.Container", "IoC.Autofac.Container\IoC.Autofac.Container.csproj", "{6F1DF5CF-8E0B-4128-A0E3-ECB8D11A0DC5}"
EndProject
Project("{FAE04EC0-301F-11D3-BF4B-00C04F79EFBC}") = "IoC.Autofac.Container.Tests", "IoC.Autofac.Container.Tests\IoC.Autofac.Container.Tests.csproj", "{182E6897-A6EA-47E8-AC12-3A94BDB85993}"
EndProject
Project("{FAE04EC0-301F-11D3-BF4B-00C04F79EFBC}") = "IoC.Autofac.Container.Services", "IoC.Autofac.Container.Services\IoC.Autofac.Container.Services.csproj", "{E6740850-51C3-427E-9E46-7B728289FDB7}"
EndProject
Project("{FAE04EC0-301F-11D3-BF4B-00C04F79EFBC}") = "IoC.Autofac.Container.Models", "IoC.Autofac.Container.Models\IoC.Autofac.Container.Models.csproj", "{C6058933-C955-44DB-8A8C-7D68D9303D69}"
EndProject
Project("{FAE04EC0-301F-11D3-BF4B-00C04F79EFBC}") = "IoC.Autofac.Container.Repositories", "IoC.Autofac.Container.Repositories\IoC.Autofac.Container.Repositories.csproj", "{29453402-3A53-40D5-A4A9-29C97E9F2BC8}"
EndProject
Global
	GlobalSection(SolutionConfigurationPlatforms) = preSolution
		Debug|Any CPU = Debug|Any CPU
		Release|Any CPU = Release|Any CPU
	EndGlobalSection
	GlobalSection(ProjectConfigurationPlatforms) = postSolution
		{6F1DF5CF-8E0B-4128-A0E3-ECB8D11A0DC5}.Debug|Any CPU.ActiveCfg = Debug|Any CPU
		{6F1DF5CF-8E0B-4128-A0E3-ECB8D11A0DC5}.Debug|Any CPU.Build.0 = Debug|Any CPU
		{6F1DF5CF-8E0B-4128-A0E3-ECB8D11A0DC5}.Release|Any CPU.ActiveCfg = Release|Any CPU
		{6F1DF5CF-8E0B-4128-A0E3-ECB8D11A0DC5}.Release|Any CPU.Build.0 = Release|Any CPU
		{182E6897-A6EA-47E8-AC12-3A94BDB85993}.Debug|Any CPU.ActiveCfg = Debug|Any CPU
		{182E6897-A6EA-47E8-AC12-3A94BDB85993}.Debug|Any CPU.Build.0 = Debug|Any CPU
		{182E6897-A6EA-47E8-AC12-3A94BDB85993}.Release|Any CPU.ActiveCfg = Release|Any CPU
		{182E6897-A6EA-47E8-AC12-3A94BDB85993}.Release|Any CPU.Build.0 = Release|Any CPU
		{E6740850-51C3-427E-9E46-7B728289FDB7}.Debug|Any CPU.ActiveCfg = Debug|Any CPU
		{E6740850-51C3-427E-9E46-7B728289FDB7}.Debug|Any CPU.Build.0 = Debug|Any CPU
		{E6740850-51C3-427E-9E46-7B728289FDB7}.Release|Any CPU.ActiveCfg = Release|Any CPU
		{E6740850-51C3-427E-9E46-7B728289FDB7}.Release|Any CPU.Build.0 = Release|Any CPU
		{C6058933-C955-44DB-8A8C-7D68D9303D69}.Debug|Any CPU.ActiveCfg = Debug|Any CPU
		{C6058933-C955-44DB-8A8C-7D68D9303D69}.Debug|Any CPU.Build.0 = Debug|Any CPU
		{C6058933-C955-44DB-8A8C-7D68D9303D69}.Release|Any CPU.ActiveCfg = Release|Any CPU
		{C6058933-C955-44DB-8A8C-7D68D9303D69}.Release|Any CPU.Build.0 = Release|Any CPU
		{29453402-3A53-40D5-A4A9-29C97E9F2BC8}.Debug|Any CPU.ActiveCfg = Debug|Any CPU
		{29453402-3A53-40D5-A4A9-29C97E9F2BC8}.Debug|Any CPU.Build.0 = Debug|Any CPU
		{29453402-3A53-40D5-A4A9-29C97E9F2BC8}.Release|Any CPU.ActiveCfg = Release|Any CPU
		{29453402-3A53-40D5-A4A9-29C97E9F2BC8}.Release|Any CPU.Build.0 = Release|Any CPU
	EndGlobalSection
	GlobalSection(SolutionProperties) = preSolution
		HideSolutionNode = FALSE
	EndGlobalSection
	GlobalSection(ExtensibilityGlobals) = postSolution
		SolutionGuid = {C40A268A-5E8B-40B5-BC7D-4C21B846E1B1}
	EndGlobalSection
EndGlobal
